
Microsoft Visual Studio Solution File, Format Version 12.00
# Visual Studio Version 17
VisualStudioVersion = 17.1.32421.90
MinimumVisualStudioVersion = 10.0.40219.1
Project("{FAE04EC0-301F-11D3-BF4B-00C04F79EFBC}") = "SEN381_Project_Group17", "SEN381_Project_Group17\SEN381_Project_Group17.csproj", "{AF56BDB7-0243-4EF6-BD51-99598417797F}"
EndProject
Global
	GlobalSection(SolutionConfigurationPlatforms) = preSolution
		Debug|Any CPU = Debug|Any CPU
		Release|Any CPU = Release|Any CPU
	EndGlobalSection
	GlobalSection(ProjectConfigurationPlatforms) = postSolution
		{AF56BDB7-0243-4EF6-BD51-99598417797F}.Debug|Any CPU.ActiveCfg = Debug|Any CPU
		{AF56BDB7-0243-4EF6-BD51-99598417797F}.Debug|Any CPU.Build.0 = Debug|Any CPU
		{AF56BDB7-0243-4EF6-BD51-99598417797F}.Release|Any CPU.ActiveCfg = Release|Any CPU
		{AF56BDB7-0243-4EF6-BD51-99598417797F}.Release|Any CPU.Build.0 = Release|Any CPU
	EndGlobalSection
	GlobalSection(SolutionProperties) = preSolution
		HideSolutionNode = FALSE
	EndGlobalSection
	GlobalSection(ExtensibilityGlobals) = postSolution
		SolutionGuid = {BA477E68-EDFB-422F-B4F9-7EC0443CAA95}
	EndGlobalSection
EndGlobal
